
Microsoft Visual Studio Solution File, Format Version 12.00
# Visual Studio Version 17
VisualStudioVersion = 17.6.33723.286
MinimumVisualStudioVersion = 10.0.40219.1
Project("{FAE04EC0-301F-11D3-BF4B-00C04F79EFBC}") = "TwilightToggle", "TwilightToggle\TwilightToggle.csproj", "{6F83B3FA-78F7-4BEE-9860-4ED5DF542AF7}"
EndProject
Global
	GlobalSection(SolutionConfigurationPlatforms) = preSolution
		Debug|Any CPU = Debug|Any CPU
		Release|Any CPU = Release|Any CPU
	EndGlobalSection
	GlobalSection(ProjectConfigurationPlatforms) = postSolution
		{6F83B3FA-78F7-4BEE-9860-4ED5DF542AF7}.Debug|Any CPU.ActiveCfg = Debug|Any CPU
		{6F83B3FA-78F7-4BEE-9860-4ED5DF542AF7}.Debug|Any CPU.Build.0 = Debug|Any CPU
		{6F83B3FA-78F7-4BEE-9860-4ED5DF542AF7}.Release|Any CPU.ActiveCfg = Release|Any CPU
		{6F83B3FA-78F7-4BEE-9860-4ED5DF542AF7}.Release|Any CPU.Build.0 = Release|Any CPU
	EndGlobalSection
	GlobalSection(SolutionProperties) = preSolution
		HideSolutionNode = FALSE
	EndGlobalSection
	GlobalSection(ExtensibilityGlobals) = postSolution
		SolutionGuid = {234DC8CA-083D-432E-8B77-6F616508F43D}
	EndGlobalSection
EndGlobal
